
Microsoft Visual Studio Solution File, Format Version 12.00
# Visual Studio 15
VisualStudioVersion = 15.0.26730.15
MinimumVisualStudioVersion = 10.0.40219.1
Project("{FAE04EC0-301F-11D3-BF4B-00C04F79EFBC}") = "a2-beahext", "a2-beahext\a2-beahext.csproj", "{55471019-2EE8-4548-A6CD-684B445BDBB7}"
EndProject
Project("{FAE04EC0-301F-11D3-BF4B-00C04F79EFBC}") = "TestConsole", "TestConsole\TestConsole.csproj", "{0310EBDC-0219-4424-88B7-E8F58DD4B836}"
EndProject
Global
	GlobalSection(SolutionConfigurationPlatforms) = preSolution
		Debug|Any CPU = Debug|Any CPU
		Release|Any CPU = Release|Any CPU
	EndGlobalSection
	GlobalSection(ProjectConfigurationPlatforms) = postSolution
		{55471019-2EE8-4548-A6CD-684B445BDBB7}.Debug|Any CPU.ActiveCfg = Debug|Any CPU
		{55471019-2EE8-4548-A6CD-684B445BDBB7}.Debug|Any CPU.Build.0 = Debug|Any CPU
		{55471019-2EE8-4548-A6CD-684B445BDBB7}.Release|Any CPU.ActiveCfg = Release|Any CPU
		{55471019-2EE8-4548-A6CD-684B445BDBB7}.Release|Any CPU.Build.0 = Release|Any CPU
		{0310EBDC-0219-4424-88B7-E8F58DD4B836}.Debug|Any CPU.ActiveCfg = Debug|Any CPU
		{0310EBDC-0219-4424-88B7-E8F58DD4B836}.Debug|Any CPU.Build.0 = Debug|Any CPU
		{0310EBDC-0219-4424-88B7-E8F58DD4B836}.Release|Any CPU.ActiveCfg = Release|Any CPU
		{0310EBDC-0219-4424-88B7-E8F58DD4B836}.Release|Any CPU.Build.0 = Release|Any CPU
	EndGlobalSection
	GlobalSection(SolutionProperties) = preSolution
		HideSolutionNode = FALSE
	EndGlobalSection
	GlobalSection(ExtensibilityGlobals) = postSolution
		SolutionGuid = {B918A2A8-97BB-4287-A1BE-1DBD3DD66804}
	EndGlobalSection
EndGlobal
